
Microsoft Visual Studio Solution File, Format Version 12.00
# Visual Studio 15
Project("{FAE04EC0-301F-11D3-BF4B-00C04F79EFBC}") = "UnityEngine.TestRunner", "UnityEngine.TestRunner.csproj", "{850DDEC9-D67C-734A-BFE9-842C29F5BCA1}"
EndProject
Project("{FAE04EC0-301F-11D3-BF4B-00C04F79EFBC}") = "Unity.Mathematics", "Unity.Mathematics.csproj", "{68D7D77E-6D9C-45AA-A035-AD9AB3367D9F}"
EndProject
Project("{FAE04EC0-301F-11D3-BF4B-00C04F79EFBC}") = "Unity.2D.Animation.Triangle.Runtime", "Unity.2D.Animation.Triangle.Runtime.csproj", "{C8C1D862-345E-CA58-72E1-88AC3DF69A7D}"
EndProject
Project("{FAE04EC0-301F-11D3-BF4B-00C04F79EFBC}") = "Unity.Timeline", "Unity.Timeline.csproj", "{CF7F15F6-A185-8F40-4B77-7F37158392A9}"
EndProject
Project("{FAE04EC0-301F-11D3-BF4B-00C04F79EFBC}") = "UnityEngine.UI", "UnityEngine.UI.csproj", "{AE5AC250-A126-0317-655E-36656F1D0840}"
EndProject
Project("{FAE04EC0-301F-11D3-BF4B-00C04F79EFBC}") = "Unity.TextMeshPro", "Unity.TextMeshPro.csproj", "{3539840B-5D84-4118-E326-5B41D70BC40D}"
EndProject
Project("{FAE04EC0-301F-11D3-BF4B-00C04F79EFBC}") = "Unity.2D.Animation.Runtime", "Unity.2D.Animation.Runtime.csproj", "{90C0D458-963D-D0BF-1836-E82F3E1B07EC}"
EndProject
Project("{FAE04EC0-301F-11D3-BF4B-00C04F79EFBC}") = "Unity.2D.IK.Runtime", "Unity.2D.IK.Runtime.csproj", "{5018B6C5-45B7-7F4F-2C09-70267727081C}"
EndProject
Project("{FAE04EC0-301F-11D3-BF4B-00C04F79EFBC}") = "Unity.2D.SpriteShape.Runtime", "Unity.2D.SpriteShape.Runtime.csproj", "{97FBC0AE-F429-60EB-CB22-E59855BF5F77}"
EndProject
Project("{FAE04EC0-301F-11D3-BF4B-00C04F79EFBC}") = "Assembly-CSharp", "Assembly-CSharp.csproj", "{958B54A2-DA97-A874-3A43-97FEE23BE36E}"
EndProject
Project("{FAE04EC0-301F-11D3-BF4B-00C04F79EFBC}") = "Unity.2D.PixelPerfect", "Unity.2D.PixelPerfect.csproj", "{90DE78A8-3BB6-B534-87DC-377DB1EB594C}"
EndProject
Project("{FAE04EC0-301F-11D3-BF4B-00C04F79EFBC}") = "Unity.2D.Common.Runtime", "Unity.2D.Common.Runtime.csproj", "{29A65538-9ABB-9E68-35AE-AA98E3F9F8F5}"
EndProject
Project("{FAE04EC0-301F-11D3-BF4B-00C04F79EFBC}") = "Unity.InternalAPIEngineBridge.001", "Unity.InternalAPIEngineBridge.001.csproj", "{BF60579A-DB4C-4C75-5F3C-044335FE268B}"
EndProject
Project("{FAE04EC0-301F-11D3-BF4B-00C04F79EFBC}") = "UnityEditor.TestRunner", "UnityEditor.TestRunner.csproj", "{A340B673-CA1B-FE71-B4DA-05C52E4CFF38}"
EndProject
Project("{FAE04EC0-301F-11D3-BF4B-00C04F79EFBC}") = "UnityEditor.UI", "UnityEditor.UI.csproj", "{50521FEF-DF3F-144F-7E75-9ED335B5300B}"
EndProject
Project("{FAE04EC0-301F-11D3-BF4B-00C04F79EFBC}") = "Unity.Timeline.Editor", "Unity.Timeline.Editor.csproj", "{7DD88E96-6E3F-A2AA-8053-B1742AEE79D9}"
EndProject
Project("{FAE04EC0-301F-11D3-BF4B-00C04F79EFBC}") = "Unity.VisualStudio.Editor", "Unity.VisualStudio.Editor.csproj", "{96653AA4-0D66-22CF-B39C-A9C21A515B94}"
EndProject
Project("{FAE04EC0-301F-11D3-BF4B-00C04F79EFBC}") = "Unity.2D.Psdimporter.Editor", "Unity.2D.Psdimporter.Editor.csproj", "{20613F79-2751-4AD8-3C30-408E1C846416}"
EndProject
Project("{FAE04EC0-301F-11D3-BF4B-00C04F79EFBC}") = "Unity.2D.Animation.Editor", "Unity.2D.Animation.Editor.csproj", "{ACF17FA7-5626-6354-E7E1-DE36C2D0AC3A}"
EndProject
Project("{FAE04EC0-301F-11D3-BF4B-00C04F79EFBC}") = "Unity.TextMeshPro.Editor", "Unity.TextMeshPro.Editor.csproj", "{8B472447-DF1C-582F-969D-25BC34BB5557}"
EndProject
Project("{FAE04EC0-301F-11D3-BF4B-00C04F79EFBC}") = "Unity.2D.SpriteShape.Editor", "Unity.2D.SpriteShape.Editor.csproj", "{293EA215-081C-3316-971F-12287F1C1E34}"
EndProject
Project("{FAE04EC0-301F-11D3-BF4B-00C04F79EFBC}") = "Unity.CollabProxy.Editor", "Unity.CollabProxy.Editor.csproj", "{73A25E53-5FE2-7E22-86A6-922A36C517EB}"
EndProject
Project("{FAE04EC0-301F-11D3-BF4B-00C04F79EFBC}") = "PsdPlugin", "PsdPlugin.csproj", "{D19CD43C-4BD5-E32C-9768-9553E3534D27}"
EndProject
Project("{FAE04EC0-301F-11D3-BF4B-00C04F79EFBC}") = "Unity.2D.Path.Editor", "Unity.2D.Path.Editor.csproj", "{E9E319C7-8BBE-40B2-DA7E-0AEC0C749486}"
EndProject
Project("{FAE04EC0-301F-11D3-BF4B-00C04F79EFBC}") = "Unity.Rider.Editor", "Unity.Rider.Editor.csproj", "{66D6969F-95CA-B7CB-CE4F-D26C74D3A614}"
EndProject
Project("{FAE04EC0-301F-11D3-BF4B-00C04F79EFBC}") = "Unity.2D.IK.Editor", "Unity.2D.IK.Editor.csproj", "{4DCC5CC6-F636-9CE7-2C23-BF666C6D40AD}"
EndProject
Project("{FAE04EC0-301F-11D3-BF4B-00C04F79EFBC}") = "Unity.2D.Sprite.Editor", "Unity.2D.Sprite.Editor.csproj", "{ED60A47B-F9A9-F88F-274D-E8CD6CFA4739}"
EndProject
Project("{FAE04EC0-301F-11D3-BF4B-00C04F79EFBC}") = "Unity.2D.Tilemap.Editor", "Unity.2D.Tilemap.Editor.csproj", "{26611FF8-69F3-3B3E-614E-32F6B96904FE}"
EndProject
Project("{FAE04EC0-301F-11D3-BF4B-00C04F79EFBC}") = "Unity.2D.PixelPerfect.Editor", "Unity.2D.PixelPerfect.Editor.csproj", "{4ED23578-1000-88F5-D0A8-B296854C0A34}"
EndProject
Project("{FAE04EC0-301F-11D3-BF4B-00C04F79EFBC}") = "Unity.VSCode.Editor", "Unity.VSCode.Editor.csproj", "{ED43BF12-4568-5560-2CC0-0D6C0F94EA07}"
EndProject
Project("{FAE04EC0-301F-11D3-BF4B-00C04F79EFBC}") = "Unity.2D.Common.Editor", "Unity.2D.Common.Editor.csproj", "{B53B32F5-510E-2A1D-13FB-852BBEDE0354}"
EndProject
Project("{FAE04EC0-301F-11D3-BF4B-00C04F79EFBC}") = "Unity.Mathematics.Editor", "Unity.Mathematics.Editor.csproj", "{A3C8E0DB-8364-254C-13A6-AAE1378145FF}"
EndProject
Project("{FAE04EC0-301F-11D3-BF4B-00C04F79EFBC}") = "Unity.InternalAPIEditorBridge.001", "Unity.InternalAPIEditorBridge.001.csproj", "{4357A6E8-A1E7-B5CD-43CC-20C83CB313BA}"
EndProject
Project("{FAE04EC0-301F-11D3-BF4B-00C04F79EFBC}") = "UnityEngine.TestRunner", "UnityEngine.TestRunner.Player.csproj", "{8316E72D-AA01-52E7-E687-71D35BED3D64}"
EndProject
Project("{FAE04EC0-301F-11D3-BF4B-00C04F79EFBC}") = "Unity.Mathematics", "Unity.Mathematics.Player.csproj", "{FBB5B92D-F6F2-48B8-BEE3-F4D82CA4B27D}"
EndProject
Project("{FAE04EC0-301F-11D3-BF4B-00C04F79EFBC}") = "Unity.2D.Animation.Triangle.Runtime", "Unity.2D.Animation.Triangle.Runtime.Player.csproj", "{9C7E22E8-9478-6B04-DA14-60873FBCC2AE}"
EndProject
Project("{FAE04EC0-301F-11D3-BF4B-00C04F79EFBC}") = "Unity.Timeline", "Unity.Timeline.Player.csproj", "{3C24D430-FFDD-54EB-CD43-62385E4B15FA}"
EndProject
Project("{FAE04EC0-301F-11D3-BF4B-00C04F79EFBC}") = "UnityEngine.UI", "UnityEngine.UI.Player.csproj", "{36435A04-3023-8318-F23D-C9735A1E0313}"
EndProject
Project("{FAE04EC0-301F-11D3-BF4B-00C04F79EFBC}") = "Unity.TextMeshPro", "Unity.TextMeshPro.Player.csproj", "{AB21F9C6-A510-B158-C4DF-D653F2FBFDA4}"
EndProject
Project("{FAE04EC0-301F-11D3-BF4B-00C04F79EFBC}") = "Unity.2D.Animation.Runtime", "Unity.2D.Animation.Runtime.Player.csproj", "{5E80B0C9-3509-3D94-5B75-07B5DCCD6A11}"
EndProject
Project("{FAE04EC0-301F-11D3-BF4B-00C04F79EFBC}") = "Unity.2D.IK.Runtime", "Unity.2D.IK.Runtime.Player.csproj", "{4088F631-C6ED-868C-5A47-E8941372F0AE}"
EndProject
Project("{FAE04EC0-301F-11D3-BF4B-00C04F79EFBC}") = "Unity.2D.SpriteShape.Runtime", "Unity.2D.SpriteShape.Runtime.Player.csproj", "{BE6514D2-AD4E-1A35-55CB-4A9FF552EE48}"
EndProject
Project("{FAE04EC0-301F-11D3-BF4B-00C04F79EFBC}") = "Assembly-CSharp", "Assembly-CSharp.Player.csproj", "{5FDDB916-FDD9-ECD1-242D-3F753C6147E8}"
EndProject
Project("{FAE04EC0-301F-11D3-BF4B-00C04F79EFBC}") = "Unity.2D.PixelPerfect", "Unity.2D.PixelPerfect.Player.csproj", "{B33EC44B-38E0-8D2F-68E0-8D7739545320}"
EndProject
Project("{FAE04EC0-301F-11D3-BF4B-00C04F79EFBC}") = "Unity.2D.Common.Runtime", "Unity.2D.Common.Runtime.Player.csproj", "{02A46CB6-F75B-A198-EE72-7E87F9680354}"
EndProject
Project("{FAE04EC0-301F-11D3-BF4B-00C04F79EFBC}") = "Unity.InternalAPIEngineBridge.001", "Unity.InternalAPIEngineBridge.001.Player.csproj", "{45CDD030-0AE4-6A72-4558-B7F1CA93442E}"
EndProject
Global
	GlobalSection(SolutionConfigurationPlatforms) = preSolution
		Debug|Any CPU = Debug|Any CPU
		Release|Any CPU = Release|Any CPU
	EndGlobalSection
	GlobalSection(ProjectConfigurationPlatforms) = postSolution
		{850DDEC9-D67C-734A-BFE9-842C29F5BCA1}.Debug|Any CPU.ActiveCfg = Debug|Any CPU
		{850DDEC9-D67C-734A-BFE9-842C29F5BCA1}.Debug|Any CPU.Build.0 = Debug|Any CPU
		{850DDEC9-D67C-734A-BFE9-842C29F5BCA1}.Release|Any CPU.ActiveCfg = Release|Any CPU
		{850DDEC9-D67C-734A-BFE9-842C29F5BCA1}.Release|Any CPU.Build.0 = Release|Any CPU
		{68D7D77E-6D9C-45AA-A035-AD9AB3367D9F}.Debug|Any CPU.ActiveCfg = Debug|Any CPU
		{68D7D77E-6D9C-45AA-A035-AD9AB3367D9F}.Debug|Any CPU.Build.0 = Debug|Any CPU
		{68D7D77E-6D9C-45AA-A035-AD9AB3367D9F}.Release|Any CPU.ActiveCfg = Release|Any CPU
		{68D7D77E-6D9C-45AA-A035-AD9AB3367D9F}.Release|Any CPU.Build.0 = Release|Any CPU
		{C8C1D862-345E-CA58-72E1-88AC3DF69A7D}.Debug|Any CPU.ActiveCfg = Debug|Any CPU
		{C8C1D862-345E-CA58-72E1-88AC3DF69A7D}.Debug|Any CPU.Build.0 = Debug|Any CPU
		{C8C1D862-345E-CA58-72E1-88AC3DF69A7D}.Release|Any CPU.ActiveCfg = Release|Any CPU
		{C8C1D862-345E-CA58-72E1-88AC3DF69A7D}.Release|Any CPU.Build.0 = Release|Any CPU
		{CF7F15F6-A185-8F40-4B77-7F37158392A9}.Debug|Any CPU.ActiveCfg = Debug|Any CPU
		{CF7F15F6-A185-8F40-4B77-7F37158392A9}.Debug|Any CPU.Build.0 = Debug|Any CPU
		{CF7F15F6-A185-8F40-4B77-7F37158392A9}.Release|Any CPU.ActiveCfg = Release|Any CPU
		{CF7F15F6-A185-8F40-4B77-7F37158392A9}.Release|Any CPU.Build.0 = Release|Any CPU
		{AE5AC250-A126-0317-655E-36656F1D0840}.Debug|Any CPU.ActiveCfg = Debug|Any CPU
		{AE5AC250-A126-0317-655E-36656F1D0840}.Debug|Any CPU.Build.0 = Debug|Any CPU
		{AE5AC250-A126-0317-655E-36656F1D0840}.Release|Any CPU.ActiveCfg = Release|Any CPU
		{AE5AC250-A126-0317-655E-36656F1D0840}.Release|Any CPU.Build.0 = Release|Any CPU
		{3539840B-5D84-4118-E326-5B41D70BC40D}.Debug|Any CPU.ActiveCfg = Debug|Any CPU
		{3539840B-5D84-4118-E326-5B41D70BC40D}.Debug|Any CPU.Build.0 = Debug|Any CPU
		{3539840B-5D84-4118-E326-5B41D70BC40D}.Release|Any CPU.ActiveCfg = Release|Any CPU
		{3539840B-5D84-4118-E326-5B41D70BC40D}.Release|Any CPU.Build.0 = Release|Any CPU
		{90C0D458-963D-D0BF-1836-E82F3E1B07EC}.Debug|Any CPU.ActiveCfg = Debug|Any CPU
		{90C0D458-963D-D0BF-1836-E82F3E1B07EC}.Debug|Any CPU.Build.0 = Debug|Any CPU
		{90C0D458-963D-D0BF-1836-E82F3E1B07EC}.Release|Any CPU.ActiveCfg = Release|Any CPU
		{90C0D458-963D-D0BF-1836-E82F3E1B07EC}.Release|Any CPU.Build.0 = Release|Any CPU
		{5018B6C5-45B7-7F4F-2C09-70267727081C}.Debug|Any CPU.ActiveCfg = Debug|Any CPU
		{5018B6C5-45B7-7F4F-2C09-70267727081C}.Debug|Any CPU.Build.0 = Debug|Any CPU
		{5018B6C5-45B7-7F4F-2C09-70267727081C}.Release|Any CPU.ActiveCfg = Release|Any CPU
		{5018B6C5-45B7-7F4F-2C09-70267727081C}.Release|Any CPU.Build.0 = Release|Any CPU
		{97FBC0AE-F429-60EB-CB22-E59855BF5F77}.Debug|Any CPU.ActiveCfg = Debug|Any CPU
		{97FBC0AE-F429-60EB-CB22-E59855BF5F77}.Debug|Any CPU.Build.0 = Debug|Any CPU
		{97FBC0AE-F429-60EB-CB22-E59855BF5F77}.Release|Any CPU.ActiveCfg = Release|Any CPU
		{97FBC0AE-F429-60EB-CB22-E59855BF5F77}.Release|Any CPU.Build.0 = Release|Any CPU
		{958B54A2-DA97-A874-3A43-97FEE23BE36E}.Debug|Any CPU.ActiveCfg = Debug|Any CPU
		{958B54A2-DA97-A874-3A43-97FEE23BE36E}.Debug|Any CPU.Build.0 = Debug|Any CPU
		{958B54A2-DA97-A874-3A43-97FEE23BE36E}.Release|Any CPU.ActiveCfg = Release|Any CPU
		{958B54A2-DA97-A874-3A43-97FEE23BE36E}.Release|Any CPU.Build.0 = Release|Any CPU
		{90DE78A8-3BB6-B534-87DC-377DB1EB594C}.Debug|Any CPU.ActiveCfg = Debug|Any CPU
		{90DE78A8-3BB6-B534-87DC-377DB1EB594C}.Debug|Any CPU.Build.0 = Debug|Any CPU
		{90DE78A8-3BB6-B534-87DC-377DB1EB594C}.Release|Any CPU.ActiveCfg = Release|Any CPU
		{90DE78A8-3BB6-B534-87DC-377DB1EB594C}.Release|Any CPU.Build.0 = Release|Any CPU
		{29A65538-9ABB-9E68-35AE-AA98E3F9F8F5}.Debug|Any CPU.ActiveCfg = Debug|Any CPU
		{29A65538-9ABB-9E68-35AE-AA98E3F9F8F5}.Debug|Any CPU.Build.0 = Debug|Any CPU
		{29A65538-9ABB-9E68-35AE-AA98E3F9F8F5}.Release|Any CPU.ActiveCfg = Release|Any CPU
		{29A65538-9ABB-9E68-35AE-AA98E3F9F8F5}.Release|Any CPU.Build.0 = Release|Any CPU
		{BF60579A-DB4C-4C75-5F3C-044335FE268B}.Debug|Any CPU.ActiveCfg = Debug|Any CPU
		{BF60579A-DB4C-4C75-5F3C-044335FE268B}.Debug|Any CPU.Build.0 = Debug|Any CPU
		{BF60579A-DB4C-4C75-5F3C-044335FE268B}.Release|Any CPU.ActiveCfg = Release|Any CPU
		{BF60579A-DB4C-4C75-5F3C-044335FE268B}.Release|Any CPU.Build.0 = Release|Any CPU
		{A340B673-CA1B-FE71-B4DA-05C52E4CFF38}.Debug|Any CPU.ActiveCfg = Debug|Any CPU
		{A340B673-CA1B-FE71-B4DA-05C52E4CFF38}.Debug|Any CPU.Build.0 = Debug|Any CPU
		{A340B673-CA1B-FE71-B4DA-05C52E4CFF38}.Release|Any CPU.ActiveCfg = Release|Any CPU
		{A340B673-CA1B-FE71-B4DA-05C52E4CFF38}.Release|Any CPU.Build.0 = Release|Any CPU
		{50521FEF-DF3F-144F-7E75-9ED335B5300B}.Debug|Any CPU.ActiveCfg = Debug|Any CPU
		{50521FEF-DF3F-144F-7E75-9ED335B5300B}.Debug|Any CPU.Build.0 = Debug|Any CPU
		{50521FEF-DF3F-144F-7E75-9ED335B5300B}.Release|Any CPU.ActiveCfg = Release|Any CPU
		{50521FEF-DF3F-144F-7E75-9ED335B5300B}.Release|Any CPU.Build.0 = Release|Any CPU
		{7DD88E96-6E3F-A2AA-8053-B1742AEE79D9}.Debug|Any CPU.ActiveCfg = Debug|Any CPU
		{7DD88E96-6E3F-A2AA-8053-B1742AEE79D9}.Debug|Any CPU.Build.0 = Debug|Any CPU
		{7DD88E96-6E3F-A2AA-8053-B1742AEE79D9}.Release|Any CPU.ActiveCfg = Release|Any CPU
		{7DD88E96-6E3F-A2AA-8053-B1742AEE79D9}.Release|Any CPU.Build.0 = Release|Any CPU
		{96653AA4-0D66-22CF-B39C-A9C21A515B94}.Debug|Any CPU.ActiveCfg = Debug|Any CPU
		{96653AA4-0D66-22CF-B39C-A9C21A515B94}.Debug|Any CPU.Build.0 = Debug|Any CPU
		{96653AA4-0D66-22CF-B39C-A9C21A515B94}.Release|Any CPU.ActiveCfg = Release|Any CPU
		{96653AA4-0D66-22CF-B39C-A9C21A515B94}.Release|Any CPU.Build.0 = Release|Any CPU
		{20613F79-2751-4AD8-3C30-408E1C846416}.Debug|Any CPU.ActiveCfg = Debug|Any CPU
		{20613F79-2751-4AD8-3C30-408E1C846416}.Debug|Any CPU.Build.0 = Debug|Any CPU
		{20613F79-2751-4AD8-3C30-408E1C846416}.Release|Any CPU.ActiveCfg = Release|Any CPU
		{20613F79-2751-4AD8-3C30-408E1C846416}.Release|Any CPU.Build.0 = Release|Any CPU
		{ACF17FA7-5626-6354-E7E1-DE36C2D0AC3A}.Debug|Any CPU.ActiveCfg = Debug|Any CPU
		{ACF17FA7-5626-6354-E7E1-DE36C2D0AC3A}.Debug|Any CPU.Build.0 = Debug|Any CPU
		{ACF17FA7-5626-6354-E7E1-DE36C2D0AC3A}.Release|Any CPU.ActiveCfg = Release|Any CPU
		{ACF17FA7-5626-6354-E7E1-DE36C2D0AC3A}.Release|Any CPU.Build.0 = Release|Any CPU
		{8B472447-DF1C-582F-969D-25BC34BB5557}.Debug|Any CPU.ActiveCfg = Debug|Any CPU
		{8B472447-DF1C-582F-969D-25BC34BB5557}.Debug|Any CPU.Build.0 = Debug|Any CPU
		{8B472447-DF1C-582F-969D-25BC34BB5557}.Release|Any CPU.ActiveCfg = Release|Any CPU
		{8B472447-DF1C-582F-969D-25BC34BB5557}.Release|Any CPU.Build.0 = Release|Any CPU
		{293EA215-081C-3316-971F-12287F1C1E34}.Debug|Any CPU.ActiveCfg = Debug|Any CPU
		{293EA215-081C-3316-971F-12287F1C1E34}.Debug|Any CPU.Build.0 = Debug|Any CPU
		{293EA215-081C-3316-971F-12287F1C1E34}.Release|Any CPU.ActiveCfg = Release|Any CPU
		{293EA215-081C-3316-971F-12287F1C1E34}.Release|Any CPU.Build.0 = Release|Any CPU
		{73A25E53-5FE2-7E22-86A6-922A36C517EB}.Debug|Any CPU.ActiveCfg = Debug|Any CPU
		{73A25E53-5FE2-7E22-86A6-922A36C517EB}.Debug|Any CPU.Build.0 = Debug|Any CPU
		{73A25E53-5FE2-7E22-86A6-922A36C517EB}.Release|Any CPU.ActiveCfg = Release|Any CPU
		{73A25E53-5FE2-7E22-86A6-922A36C517EB}.Release|Any CPU.Build.0 = Release|Any CPU
		{D19CD43C-4BD5-E32C-9768-9553E3534D27}.Debug|Any CPU.ActiveCfg = Debug|Any CPU
		{D19CD43C-4BD5-E32C-9768-9553E3534D27}.Debug|Any CPU.Build.0 = Debug|Any CPU
		{D19CD43C-4BD5-E32C-9768-9553E3534D27}.Release|Any CPU.ActiveCfg = Release|Any CPU
		{D19CD43C-4BD5-E32C-9768-9553E3534D27}.Release|Any CPU.Build.0 = Release|Any CPU
		{E9E319C7-8BBE-40B2-DA7E-0AEC0C749486}.Debug|Any CPU.ActiveCfg = Debug|Any CPU
		{E9E319C7-8BBE-40B2-DA7E-0AEC0C749486}.Debug|Any CPU.Build.0 = Debug|Any CPU
		{E9E319C7-8BBE-40B2-DA7E-0AEC0C749486}.Release|Any CPU.ActiveCfg = Release|Any CPU
		{E9E319C7-8BBE-40B2-DA7E-0AEC0C749486}.Release|Any CPU.Build.0 = Release|Any CPU
		{66D6969F-95CA-B7CB-CE4F-D26C74D3A614}.Debug|Any CPU.ActiveCfg = Debug|Any CPU
		{66D6969F-95CA-B7CB-CE4F-D26C74D3A614}.Debug|Any CPU.Build.0 = Debug|Any CPU
		{66D6969F-95CA-B7CB-CE4F-D26C74D3A614}.Release|Any CPU.ActiveCfg = Release|Any CPU
		{66D6969F-95CA-B7CB-CE4F-D26C74D3A614}.Release|Any CPU.Build.0 = Release|Any CPU
		{4DCC5CC6-F636-9CE7-2C23-BF666C6D40AD}.Debug|Any CPU.ActiveCfg = Debug|Any CPU
		{4DCC5CC6-F636-9CE7-2C23-BF666C6D40AD}.Debug|Any CPU.Build.0 = Debug|Any CPU
		{4DCC5CC6-F636-9CE7-2C23-BF666C6D40AD}.Release|Any CPU.ActiveCfg = Release|Any CPU
		{4DCC5CC6-F636-9CE7-2C23-BF666C6D40AD}.Release|Any CPU.Build.0 = Release|Any CPU
		{ED60A47B-F9A9-F88F-274D-E8CD6CFA4739}.Debug|Any CPU.ActiveCfg = Debug|Any CPU
		{ED60A47B-F9A9-F88F-274D-E8CD6CFA4739}.Debug|Any CPU.Build.0 = Debug|Any CPU
		{ED60A47B-F9A9-F88F-274D-E8CD6CFA4739}.Release|Any CPU.ActiveCfg = Release|Any CPU
		{ED60A47B-F9A9-F88F-274D-E8CD6CFA4739}.Release|Any CPU.Build.0 = Release|Any CPU
		{26611FF8-69F3-3B3E-614E-32F6B96904FE}.Debug|Any CPU.ActiveCfg = Debug|Any CPU
		{26611FF8-69F3-3B3E-614E-32F6B96904FE}.Debug|Any CPU.Build.0 = Debug|Any CPU
		{26611FF8-69F3-3B3E-614E-32F6B96904FE}.Release|Any CPU.ActiveCfg = Release|Any CPU
		{26611FF8-69F3-3B3E-614E-32F6B96904FE}.Release|Any CPU.Build.0 = Release|Any CPU
		{4ED23578-1000-88F5-D0A8-B296854C0A34}.Debug|Any CPU.ActiveCfg = Debug|Any CPU
		{4ED23578-1000-88F5-D0A8-B296854C0A34}.Debug|Any CPU.Build.0 = Debug|Any CPU
		{4ED23578-1000-88F5-D0A8-B296854C0A34}.Release|Any CPU.ActiveCfg = Release|Any CPU
		{4ED23578-1000-88F5-D0A8-B296854C0A34}.Release|Any CPU.Build.0 = Release|Any CPU
		{ED43BF12-4568-5560-2CC0-0D6C0F94EA07}.Debug|Any CPU.ActiveCfg = Debug|Any CPU
		{ED43BF12-4568-5560-2CC0-0D6C0F94EA07}.Debug|Any CPU.Build.0 = Debug|Any CPU
		{ED43BF12-4568-5560-2CC0-0D6C0F94EA07}.Release|Any CPU.ActiveCfg = Release|Any CPU
		{ED43BF12-4568-5560-2CC0-0D6C0F94EA07}.Release|Any CPU.Build.0 = Release|Any CPU
		{B53B32F5-510E-2A1D-13FB-852BBEDE0354}.Debug|Any CPU.ActiveCfg = Debug|Any CPU
		{B53B32F5-510E-2A1D-13FB-852BBEDE0354}.Debug|Any CPU.Build.0 = Debug|Any CPU
		{B53B32F5-510E-2A1D-13FB-852BBEDE0354}.Release|Any CPU.ActiveCfg = Release|Any CPU
		{B53B32F5-510E-2A1D-13FB-852BBEDE0354}.Release|Any CPU.Build.0 = Release|Any CPU
		{A3C8E0DB-8364-254C-13A6-AAE1378145FF}.Debug|Any CPU.ActiveCfg = Debug|Any CPU
		{A3C8E0DB-8364-254C-13A6-AAE1378145FF}.Debug|Any CPU.Build.0 = Debug|Any CPU
		{A3C8E0DB-8364-254C-13A6-AAE1378145FF}.Release|Any CPU.ActiveCfg = Release|Any CPU
		{A3C8E0DB-8364-254C-13A6-AAE1378145FF}.Release|Any CPU.Build.0 = Release|Any CPU
		{4357A6E8-A1E7-B5CD-43CC-20C83CB313BA}.Debug|Any CPU.ActiveCfg = Debug|Any CPU
		{4357A6E8-A1E7-B5CD-43CC-20C83CB313BA}.Debug|Any CPU.Build.0 = Debug|Any CPU
		{4357A6E8-A1E7-B5CD-43CC-20C83CB313BA}.Release|Any CPU.ActiveCfg = Release|Any CPU
		{4357A6E8-A1E7-B5CD-43CC-20C83CB313BA}.Release|Any CPU.Build.0 = Release|Any CPU
		{8316E72D-AA01-52E7-E687-71D35BED3D64}.Debug|Any CPU.ActiveCfg = Debug|Any CPU
		{8316E72D-AA01-52E7-E687-71D35BED3D64}.Debug|Any CPU.Build.0 = Debug|Any CPU
		{8316E72D-AA01-52E7-E687-71D35BED3D64}.Release|Any CPU.ActiveCfg = Release|Any CPU
		{8316E72D-AA01-52E7-E687-71D35BED3D64}.Release|Any CPU.Build.0 = Release|Any CPU
		{FBB5B92D-F6F2-48B8-BEE3-F4D82CA4B27D}.Debug|Any CPU.ActiveCfg = Debug|Any CPU
		{FBB5B92D-F6F2-48B8-BEE3-F4D82CA4B27D}.Debug|Any CPU.Build.0 = Debug|Any CPU
		{FBB5B92D-F6F2-48B8-BEE3-F4D82CA4B27D}.Release|Any CPU.ActiveCfg = Release|Any CPU
		{FBB5B92D-F6F2-48B8-BEE3-F4D82CA4B27D}.Release|Any CPU.Build.0 = Release|Any CPU
		{9C7E22E8-9478-6B04-DA14-60873FBCC2AE}.Debug|Any CPU.ActiveCfg = Debug|Any CPU
		{9C7E22E8-9478-6B04-DA14-60873FBCC2AE}.Debug|Any CPU.Build.0 = Debug|Any CPU
		{9C7E22E8-9478-6B04-DA14-60873FBCC2AE}.Release|Any CPU.ActiveCfg = Release|Any CPU
		{9C7E22E8-9478-6B04-DA14-60873FBCC2AE}.Release|Any CPU.Build.0 = Release|Any CPU
		{3C24D430-FFDD-54EB-CD43-62385E4B15FA}.Debug|Any CPU.ActiveCfg = Debug|Any CPU
		{3C24D430-FFDD-54EB-CD43-62385E4B15FA}.Debug|Any CPU.Build.0 = Debug|Any CPU
		{3C24D430-FFDD-54EB-CD43-62385E4B15FA}.Release|Any CPU.ActiveCfg = Release|Any CPU
		{3C24D430-FFDD-54EB-CD43-62385E4B15FA}.Release|Any CPU.Build.0 = Release|Any CPU
		{36435A04-3023-8318-F23D-C9735A1E0313}.Debug|Any CPU.ActiveCfg = Debug|Any CPU
		{36435A04-3023-8318-F23D-C9735A1E0313}.Debug|Any CPU.Build.0 = Debug|Any CPU
		{36435A04-3023-8318-F23D-C9735A1E0313}.Release|Any CPU.ActiveCfg = Release|Any CPU
		{36435A04-3023-8318-F23D-C9735A1E0313}.Release|Any CPU.Build.0 = Release|Any CPU
		{AB21F9C6-A510-B158-C4DF-D653F2FBFDA4}.Debug|Any CPU.ActiveCfg = Debug|Any CPU
		{AB21F9C6-A510-B158-C4DF-D653F2FBFDA4}.Debug|Any CPU.Build.0 = Debug|Any CPU
		{AB21F9C6-A510-B158-C4DF-D653F2FBFDA4}.Release|Any CPU.ActiveCfg = Release|Any CPU
		{AB21F9C6-A510-B158-C4DF-D653F2FBFDA4}.Release|Any CPU.Build.0 = Release|Any CPU
		{5E80B0C9-3509-3D94-5B75-07B5DCCD6A11}.Debug|Any CPU.ActiveCfg = Debug|Any CPU
		{5E80B0C9-3509-3D94-5B75-07B5DCCD6A11}.Debug|Any CPU.Build.0 = Debug|Any CPU
		{5E80B0C9-3509-3D94-5B75-07B5DCCD6A11}.Release|Any CPU.ActiveCfg = Release|Any CPU
		{5E80B0C9-3509-3D94-5B75-07B5DCCD6A11}.Release|Any CPU.Build.0 = Release|Any CPU
		{4088F631-C6ED-868C-5A47-E8941372F0AE}.Debug|Any CPU.ActiveCfg = Debug|Any CPU
		{4088F631-C6ED-868C-5A47-E8941372F0AE}.Debug|Any CPU.Build.0 = Debug|Any CPU
		{4088F631-C6ED-868C-5A47-E8941372F0AE}.Release|Any CPU.ActiveCfg = Release|Any CPU
		{4088F631-C6ED-868C-5A47-E8941372F0AE}.Release|Any CPU.Build.0 = Release|Any CPU
		{BE6514D2-AD4E-1A35-55CB-4A9FF552EE48}.Debug|Any CPU.ActiveCfg = Debug|Any CPU
		{BE6514D2-AD4E-1A35-55CB-4A9FF552EE48}.Debug|Any CPU.Build.0 = Debug|Any CPU
		{BE6514D2-AD4E-1A35-55CB-4A9FF552EE48}.Release|Any CPU.ActiveCfg = Release|Any CPU
		{BE6514D2-AD4E-1A35-55CB-4A9FF552EE48}.Release|Any CPU.Build.0 = Release|Any CPU
		{5FDDB916-FDD9-ECD1-242D-3F753C6147E8}.Debug|Any CPU.ActiveCfg = Debug|Any CPU
		{5FDDB916-FDD9-ECD1-242D-3F753C6147E8}.Debug|Any CPU.Build.0 = Debug|Any CPU
		{5FDDB916-FDD9-ECD1-242D-3F753C6147E8}.Release|Any CPU.ActiveCfg = Release|Any CPU
		{5FDDB916-FDD9-ECD1-242D-3F753C6147E8}.Release|Any CPU.Build.0 = Release|Any CPU
		{B33EC44B-38E0-8D2F-68E0-8D7739545320}.Debug|Any CPU.ActiveCfg = Debug|Any CPU
		{B33EC44B-38E0-8D2F-68E0-8D7739545320}.Debug|Any CPU.Build.0 = Debug|Any CPU
		{B33EC44B-38E0-8D2F-68E0-8D7739545320}.Release|Any CPU.ActiveCfg = Release|Any CPU
		{B33EC44B-38E0-8D2F-68E0-8D7739545320}.Release|Any CPU.Build.0 = Release|Any CPU
		{02A46CB6-F75B-A198-EE72-7E87F9680354}.Debug|Any CPU.ActiveCfg = Debug|Any CPU
		{02A46CB6-F75B-A198-EE72-7E87F9680354}.Debug|Any CPU.Build.0 = Debug|Any CPU
		{02A46CB6-F75B-A198-EE72-7E87F9680354}.Release|Any CPU.ActiveCfg = Release|Any CPU
		{02A46CB6-F75B-A198-EE72-7E87F9680354}.Release|Any CPU.Build.0 = Release|Any CPU
		{45CDD030-0AE4-6A72-4558-B7F1CA93442E}.Debug|Any CPU.ActiveCfg = Debug|Any CPU
		{45CDD030-0AE4-6A72-4558-B7F1CA93442E}.Debug|Any CPU.Build.0 = Debug|Any CPU
		{45CDD030-0AE4-6A72-4558-B7F1CA93442E}.Release|Any CPU.ActiveCfg = Release|Any CPU
		{45CDD030-0AE4-6A72-4558-B7F1CA93442E}.Release|Any CPU.Build.0 = Release|Any CPU
	EndGlobalSection
	GlobalSection(SolutionProperties) = preSolution
		HideSolutionNode = FALSE
	EndGlobalSection
EndGlobal
